{
  "requires": true,
  "lockfileVersion": 1,
  "dependencies": {
    "@vue/reactivity": {
      "version": "3.0.0-rc.9",
      "resolved": "https://registry.npmjs.org/@vue/reactivity/-/reactivity-3.0.0-rc.9.tgz",
      "integrity": "sha512-1fJSt4zZ/icZUNsN3Te5BeVChmQ7Ner2xUYy9ALtShLSj2RwxRVhtysjXxLE16TbwLkHjsOHjA8tQWrdBfQG0A==",
      "requires": {
        "@vue/shared": "3.0.0-rc.9"
      }
    },
    "@vue/shared": {
      "version": "3.0.0-rc.9",
      "resolved": "https://registry.npmjs.org/@vue/shared/-/shared-3.0.0-rc.9.tgz",
      "integrity": "sha512-SHD7qwziiG6208nKrs0qqbWbYckvBiCBCLwlRjUb6NEDUMN0TOVyzyaTvdnHND9ion/ZMdwEKMtWWtgJJkHDdw=="
    }
  }
}
