{
  "name": "03-composition-api",
  "version": "1.0.0",
  "lockfileVersion": 1,
  "requires": true,
  "dependencies": {
    "@babel/helper-validator-identifier": {
      "version": "7.10.4",
      "resolved": "https://registry.npmjs.org/@babel/helper-validator-identifier/-/helper-validator-identifier-7.10.4.tgz",
      "integrity": "sha512-3U9y+43hz7ZM+rzG24Qe2mufW5KhvFg/NhnNph+i9mgCtdTCtMJuI1TMkrIUiK7Ix4PYlRF9I5dhqaLYA/ADXw=="
    },
    "@babel/parser": {
      "version": "7.11.4",
      "resolved": "https://registry.npmjs.org/@babel/parser/-/parser-7.11.4.tgz",
      "integrity": "sha512-MggwidiH+E9j5Sh8pbrX5sJvMcsqS5o+7iB42M9/k0CD63MjYbdP4nhSh7uB5wnv2/RVzTZFTxzF/kIa5mrCqA=="
    },
    "@babel/types": {
      "version": "7.11.0",
      "resolved": "https://registry.npmjs.org/@babel/types/-/types-7.11.0.tgz",
      "integrity": "sha512-O53yME4ZZI0jO1EVGtF1ePGl0LHirG4P1ibcD80XyzZcKhcMFeCXmh4Xb1ifGBIV233Qg12x4rBfQgA+tmOukA==",
      "requires": {
        "@babel/helper-validator-identifier": "^7.10.4",
        "lodash": "^4.17.19",
        "to-fast-properties": "^2.0.0"
      }
    },
    "@vue/compiler-core": {
      "version": "3.0.0-rc.9",
      "resolved": "https://registry.npmjs.org/@vue/compiler-core/-/compiler-core-3.0.0-rc.9.tgz",
      "integrity": "sha512-/Ns7KGT5P0wh4JTM91drBmNIiBlKrCFUqIE2vk8dmaVvqEJf1mqympz1CDZpikghCQC6hKu3tYKxA7qtcMRazw==",
      "requires": {
        "@babel/parser": "^7.10.4",
        "@babel/types": "^7.10.4",
        "@vue/shared": "3.0.0-rc.9",
        "estree-walker": "^2.0.1",
        "source-map": "^0.6.1"
      }
    },
    "@vue/compiler-dom": {
      "version": "3.0.0-rc.9",
      "resolved": "https://registry.npmjs.org/@vue/compiler-dom/-/compiler-dom-3.0.0-rc.9.tgz",
      "integrity": "sha512-0hCnrIxwp0TKVXKnGYFztM4LMUvFpfXW7YoEglvHqIfZsGkyKcnCYDx4FPk1frDM21xnrr5HgcHt42rlz8lDBA==",
      "requires": {
        "@vue/compiler-core": "3.0.0-rc.9",
        "@vue/shared": "3.0.0-rc.9"
      }
    },
    "@vue/reactivity": {
      "version": "3.0.0-rc.9",
      "resolved": "https://registry.npmjs.org/@vue/reactivity/-/reactivity-3.0.0-rc.9.tgz",
      "integrity": "sha512-1fJSt4zZ/icZUNsN3Te5BeVChmQ7Ner2xUYy9ALtShLSj2RwxRVhtysjXxLE16TbwLkHjsOHjA8tQWrdBfQG0A==",
      "requires": {
        "@vue/shared": "3.0.0-rc.9"
      }
    },
    "@vue/runtime-core": {
      "version": "3.0.0-rc.9",
      "resolved": "https://registry.npmjs.org/@vue/runtime-core/-/runtime-core-3.0.0-rc.9.tgz",
      "integrity": "sha512-5tViEzPl8K1moMjCQJXqvTa/RjR/h8cZ9dUDgKfKWvZhxAmXHtmYlBWrvEeFTGWiEuZj0XlZkNxMNjuHLVF0Vg==",
      "requires": {
        "@vue/reactivity": "3.0.0-rc.9",
        "@vue/shared": "3.0.0-rc.9"
      }
    },
    "@vue/runtime-dom": {
      "version": "3.0.0-rc.9",
      "resolved": "https://registry.npmjs.org/@vue/runtime-dom/-/runtime-dom-3.0.0-rc.9.tgz",
      "integrity": "sha512-OUKFLOaoshmQPaW7iaYuxl9ip3v08g8cXYr0bu68/0r94PF2/xO/b0GhoUoyeqp/pu1VzZ1TxulJ94JOXsuYjg==",
      "requires": {
        "@vue/runtime-core": "3.0.0-rc.9",
        "@vue/shared": "3.0.0-rc.9",
        "csstype": "^2.6.8"
      }
    },
    "@vue/shared": {
      "version": "3.0.0-rc.9",
      "resolved": "https://registry.npmjs.org/@vue/shared/-/shared-3.0.0-rc.9.tgz",
      "integrity": "sha512-SHD7qwziiG6208nKrs0qqbWbYckvBiCBCLwlRjUb6NEDUMN0TOVyzyaTvdnHND9ion/ZMdwEKMtWWtgJJkHDdw=="
    },
    "csstype": {
      "version": "2.6.13",
      "resolved": "https://registry.npmjs.org/csstype/-/csstype-2.6.13.tgz",
      "integrity": "sha512-ul26pfSQTZW8dcOnD2iiJssfXw0gdNVX9IJDH/X3K5DGPfj+fUYe3kB+swUY6BF3oZDxaID3AJt+9/ojSAE05A=="
    },
    "estree-walker": {
      "version": "2.0.1",
      "resolved": "https://registry.npmjs.org/estree-walker/-/estree-walker-2.0.1.tgz",
      "integrity": "sha512-tF0hv+Yi2Ot1cwj9eYHtxC0jB9bmjacjQs6ZBTj82H8JwUywFuc+7E83NWfNMwHXZc11mjfFcVXPe9gEP4B8dg=="
    },
    "lodash": {
      "version": "4.17.20",
      "resolved": "https://registry.npmjs.org/lodash/-/lodash-4.17.20.tgz",
      "integrity": "sha512-PlhdFcillOINfeV7Ni6oF1TAEayyZBoZ8bcshTHqOYJYlrqzRK5hagpagky5o4HfCzzd1TRkXPMFq6cKk9rGmA=="
    },
    "source-map": {
      "version": "0.6.1",
      "resolved": "https://registry.npmjs.org/source-map/-/source-map-0.6.1.tgz",
      "integrity": "sha512-UjgapumWlbMhkBgzT7Ykc5YXUT46F0iKu8SGXq0bcwP5dz/h0Plj6enJqjz1Zbq2l5WaqYnrVbwWOWMyF3F47g=="
    },
    "to-fast-properties": {
      "version": "2.0.0",
      "resolved": "https://registry.npmjs.org/to-fast-properties/-/to-fast-properties-2.0.0.tgz",
      "integrity": "sha1-3F5pjL0HkmW8c+A3doGk5Og/YW4="
    },
    "vue": {
      "version": "3.0.0-rc.9",
      "resolved": "https://registry.npmjs.org/vue/-/vue-3.0.0-rc.9.tgz",
      "integrity": "sha512-bimvpl5q/sKy1dAOE+KNX9T3p6Qq8kuNRmOYwaxtacI91ksjS7nVGse1FANhTL+XTQgl8+ySrd3f67xWi26nxw==",
      "requires": {
        "@vue/compiler-dom": "3.0.0-rc.9",
        "@vue/runtime-dom": "3.0.0-rc.9",
        "@vue/shared": "3.0.0-rc.9"
      }
    }
  }
}
